
Microsoft Visual Studio Solution File, Format Version 12.00
# Visual Studio Version 16
VisualStudioVersion = 16.0.30907.101
MinimumVisualStudioVersion = 10.0.40219.1
Project("{9A19103F-16F7-4668-BE54-9A1E7A4F7556}") = "GameProject", "GameProject.csproj", "{94DC9C8E-401C-41E3-813D-97243B311F8A}"
EndProject
Global
	GlobalSection(SolutionConfigurationPlatforms) = preSolution
		Debug|Any CPU = Debug|Any CPU
		Release|Any CPU = Release|Any CPU
	EndGlobalSection
	GlobalSection(ProjectConfigurationPlatforms) = postSolution
		{94DC9C8E-401C-41E3-813D-97243B311F8A}.Debug|Any CPU.ActiveCfg = Debug|Any CPU
		{94DC9C8E-401C-41E3-813D-97243B311F8A}.Debug|Any CPU.Build.0 = Debug|Any CPU
		{94DC9C8E-401C-41E3-813D-97243B311F8A}.Release|Any CPU.ActiveCfg = Release|Any CPU
		{94DC9C8E-401C-41E3-813D-97243B311F8A}.Release|Any CPU.Build.0 = Release|Any CPU
	EndGlobalSection
	GlobalSection(SolutionProperties) = preSolution
		HideSolutionNode = FALSE
	EndGlobalSection
	GlobalSection(ExtensibilityGlobals) = postSolution
		SolutionGuid = {F0835E19-9302-4C2B-997B-B3422476565C}
	EndGlobalSection
EndGlobal
